
Microsoft Visual Studio Solution File, Format Version 12.00
# Visual Studio 15
VisualStudioVersion = 15.0.28307.1800
MinimumVisualStudioVersion = 10.0.40219.1
Project("{FAE04EC0-301F-11D3-BF4B-00C04F79EFBC}") = "SampleApp1.Android", "SampleApp1\SampleApp1.Android\SampleApp1.Android.csproj", "{C102A5ED-68DA-4BC1-985F-81E18F44A4B2}"
EndProject
Project("{FAE04EC0-301F-11D3-BF4B-00C04F79EFBC}") = "SampleApp1.iOS", "SampleApp1\SampleApp1.iOS\SampleApp1.iOS.csproj", "{8D5970BF-6BFF-42FC-BA80-B5DA6E118BE9}"
EndProject
Project("{FAE04EC0-301F-11D3-BF4B-00C04F79EFBC}") = "SampleApp1.UWP", "SampleApp1\SampleApp1.UWP\SampleApp1.UWP.csproj", "{361B0CE9-9985-4C7E-93C3-E78B32EACC9E}"
EndProject
Project("{FAE04EC0-301F-11D3-BF4B-00C04F79EFBC}") = "SampleApp1", "SampleApp1\SampleApp1\SampleApp1.csproj", "{3CD61EEB-33D7-4012-B2D2-C8CB6D72D492}"
EndProject
Global
	GlobalSection(SolutionConfigurationPlatforms) = preSolution
		Ad-Hoc|Any CPU = Ad-Hoc|Any CPU
		Ad-Hoc|ARM = Ad-Hoc|ARM
		Ad-Hoc|iPhone = Ad-Hoc|iPhone
		Ad-Hoc|iPhoneSimulator = Ad-Hoc|iPhoneSimulator
		Ad-Hoc|x64 = Ad-Hoc|x64
		Ad-Hoc|x86 = Ad-Hoc|x86
		AppStore|Any CPU = AppStore|Any CPU
		AppStore|ARM = AppStore|ARM
		AppStore|iPhone = AppStore|iPhone
		AppStore|iPhoneSimulator = AppStore|iPhoneSimulator
		AppStore|x64 = AppStore|x64
		AppStore|x86 = AppStore|x86
		Debug|Any CPU = Debug|Any CPU
		Debug|ARM = Debug|ARM
		Debug|iPhone = Debug|iPhone
		Debug|iPhoneSimulator = Debug|iPhoneSimulator
		Debug|x64 = Debug|x64
		Debug|x86 = Debug|x86
		Release|Any CPU = Release|Any CPU
		Release|ARM = Release|ARM
		Release|iPhone = Release|iPhone
		Release|iPhoneSimulator = Release|iPhoneSimulator
		Release|x64 = Release|x64
		Release|x86 = Release|x86
	EndGlobalSection
	GlobalSection(ProjectConfigurationPlatforms) = postSolution
		{C102A5ED-68DA-4BC1-985F-81E18F44A4B2}.Ad-Hoc|Any CPU.ActiveCfg = Release|Any CPU
		{C102A5ED-68DA-4BC1-985F-81E18F44A4B2}.Ad-Hoc|Any CPU.Build.0 = Release|Any CPU
		{C102A5ED-68DA-4BC1-985F-81E18F44A4B2}.Ad-Hoc|Any CPU.Deploy.0 = Release|Any CPU
		{C102A5ED-68DA-4BC1-985F-81E18F44A4B2}.Ad-Hoc|ARM.ActiveCfg = Release|Any CPU
		{C102A5ED-68DA-4BC1-985F-81E18F44A4B2}.Ad-Hoc|ARM.Build.0 = Release|Any CPU
		{C102A5ED-68DA-4BC1-985F-81E18F44A4B2}.Ad-Hoc|ARM.Deploy.0 = Release|Any CPU
		{C102A5ED-68DA-4BC1-985F-81E18F44A4B2}.Ad-Hoc|iPhone.ActiveCfg = Release|Any CPU
		{C102A5ED-68DA-4BC1-985F-81E18F44A4B2}.Ad-Hoc|iPhone.Build.0 = Release|Any CPU
		{C102A5ED-68DA-4BC1-985F-81E18F44A4B2}.Ad-Hoc|iPhone.Deploy.0 = Release|Any CPU
		{C102A5ED-68DA-4BC1-985F-81E18F44A4B2}.Ad-Hoc|iPhoneSimulator.ActiveCfg = Release|Any CPU
		{C102A5ED-68DA-4BC1-985F-81E18F44A4B2}.Ad-Hoc|iPhoneSimulator.Build.0 = Release|Any CPU
		{C102A5ED-68DA-4BC1-985F-81E18F44A4B2}.Ad-Hoc|iPhoneSimulator.Deploy.0 = Release|Any CPU
		{C102A5ED-68DA-4BC1-985F-81E18F44A4B2}.Ad-Hoc|x64.ActiveCfg = Release|Any CPU
		{C102A5ED-68DA-4BC1-985F-81E18F44A4B2}.Ad-Hoc|x64.Build.0 = Release|Any CPU
		{C102A5ED-68DA-4BC1-985F-81E18F44A4B2}.Ad-Hoc|x64.Deploy.0 = Release|Any CPU
		{C102A5ED-68DA-4BC1-985F-81E18F44A4B2}.Ad-Hoc|x86.ActiveCfg = Release|Any CPU
		{C102A5ED-68DA-4BC1-985F-81E18F44A4B2}.Ad-Hoc|x86.Build.0 = Release|Any CPU
		{C102A5ED-68DA-4BC1-985F-81E18F44A4B2}.Ad-Hoc|x86.Deploy.0 = Release|Any CPU
		{C102A5ED-68DA-4BC1-985F-81E18F44A4B2}.AppStore|Any CPU.ActiveCfg = Release|Any CPU
		{C102A5ED-68DA-4BC1-985F-81E18F44A4B2}.AppStore|Any CPU.Build.0 = Release|Any CPU
		{C102A5ED-68DA-4BC1-985F-81E18F44A4B2}.AppStore|Any CPU.Deploy.0 = Release|Any CPU
		{C102A5ED-68DA-4BC1-985F-81E18F44A4B2}.AppStore|ARM.ActiveCfg = Release|Any CPU
		{C102A5ED-68DA-4BC1-985F-81E18F44A4B2}.AppStore|ARM.Build.0 = Release|Any CPU
		{C102A5ED-68DA-4BC1-985F-81E18F44A4B2}.AppStore|ARM.Deploy.0 = Release|Any CPU
		{C102A5ED-68DA-4BC1-985F-81E18F44A4B2}.AppStore|iPhone.ActiveCfg = Release|Any CPU
		{C102A5ED-68DA-4BC1-985F-81E18F44A4B2}.AppStore|iPhone.Build.0 = Release|Any CPU
		{C102A5ED-68DA-4BC1-985F-81E18F44A4B2}.AppStore|iPhone.Deploy.0 = Release|Any CPU
		{C102A5ED-68DA-4BC1-985F-81E18F44A4B2}.AppStore|iPhoneSimulator.ActiveCfg = Release|Any CPU
		{C102A5ED-68DA-4BC1-985F-81E18F44A4B2}.AppStore|iPhoneSimulator.Build.0 = Release|Any CPU
		{C102A5ED-68DA-4BC1-985F-81E18F44A4B2}.AppStore|iPhoneSimulator.Deploy.0 = Release|Any CPU
		{C102A5ED-68DA-4BC1-985F-81E18F44A4B2}.AppStore|x64.ActiveCfg = Release|Any CPU
		{C102A5ED-68DA-4BC1-985F-81E18F44A4B2}.AppStore|x64.Build.0 = Release|Any CPU
		{C102A5ED-68DA-4BC1-985F-81E18F44A4B2}.AppStore|x64.Deploy.0 = Release|Any CPU
		{C102A5ED-68DA-4BC1-985F-81E18F44A4B2}.AppStore|x86.ActiveCfg = Release|Any CPU
		{C102A5ED-68DA-4BC1-985F-81E18F44A4B2}.AppStore|x86.Build.0 = Release|Any CPU
		{C102A5ED-68DA-4BC1-985F-81E18F44A4B2}.AppStore|x86.Deploy.0 = Release|Any CPU
		{C102A5ED-68DA-4BC1-985F-81E18F44A4B2}.Debug|Any CPU.ActiveCfg = Debug|Any CPU
		{C102A5ED-68DA-4BC1-985F-81E18F44A4B2}.Debug|Any CPU.Build.0 = Debug|Any CPU
		{C102A5ED-68DA-4BC1-985F-81E18F44A4B2}.Debug|Any CPU.Deploy.0 = Debug|Any CPU
		{C102A5ED-68DA-4BC1-985F-81E18F44A4B2}.Debug|ARM.ActiveCfg = Debug|Any CPU
		{C102A5ED-68DA-4BC1-985F-81E18F44A4B2}.Debug|ARM.Build.0 = Debug|Any CPU
		{C102A5ED-68DA-4BC1-985F-81E18F44A4B2}.Debug|ARM.Deploy.0 = Debug|Any CPU
		{C102A5ED-68DA-4BC1-985F-81E18F44A4B2}.Debug|iPhone.ActiveCfg = Debug|Any CPU
		{C102A5ED-68DA-4BC1-985F-81E18F44A4B2}.Debug|iPhone.Build.0 = Debug|Any CPU
		{C102A5ED-68DA-4BC1-985F-81E18F44A4B2}.Debug|iPhone.Deploy.0 = Debug|Any CPU
		{C102A5ED-68DA-4BC1-985F-81E18F44A4B2}.Debug|iPhoneSimulator.ActiveCfg = Debug|Any CPU
		{C102A5ED-68DA-4BC1-985F-81E18F44A4B2}.Debug|iPhoneSimulator.Build.0 = Debug|Any CPU
		{C102A5ED-68DA-4BC1-985F-81E18F44A4B2}.Debug|iPhoneSimulator.Deploy.0 = Debug|Any CPU
		{C102A5ED-68DA-4BC1-985F-81E18F44A4B2}.Debug|x64.ActiveCfg = Debug|Any CPU
		{C102A5ED-68DA-4BC1-985F-81E18F44A4B2}.Debug|x64.Build.0 = Debug|Any CPU
		{C102A5ED-68DA-4BC1-985F-81E18F44A4B2}.Debug|x64.Deploy.0 = Debug|Any CPU
		{C102A5ED-68DA-4BC1-985F-81E18F44A4B2}.Debug|x86.ActiveCfg = Debug|Any CPU
		{C102A5ED-68DA-4BC1-985F-81E18F44A4B2}.Debug|x86.Build.0 = Debug|Any CPU
		{C102A5ED-68DA-4BC1-985F-81E18F44A4B2}.Debug|x86.Deploy.0 = Debug|Any CPU
		{C102A5ED-68DA-4BC1-985F-81E18F44A4B2}.Release|Any CPU.ActiveCfg = Release|Any CPU
		{C102A5ED-68DA-4BC1-985F-81E18F44A4B2}.Release|Any CPU.Build.0 = Release|Any CPU
		{C102A5ED-68DA-4BC1-985F-81E18F44A4B2}.Release|Any CPU.Deploy.0 = Release|Any CPU
		{C102A5ED-68DA-4BC1-985F-81E18F44A4B2}.Release|ARM.ActiveCfg = Release|Any CPU
		{C102A5ED-68DA-4BC1-985F-81E18F44A4B2}.Release|ARM.Build.0 = Release|Any CPU
		{C102A5ED-68DA-4BC1-985F-81E18F44A4B2}.Release|ARM.Deploy.0 = Release|Any CPU
		{C102A5ED-68DA-4BC1-985F-81E18F44A4B2}.Release|iPhone.ActiveCfg = Release|Any CPU
		{C102A5ED-68DA-4BC1-985F-81E18F44A4B2}.Release|iPhone.Build.0 = Release|Any CPU
		{C102A5ED-68DA-4BC1-985F-81E18F44A4B2}.Release|iPhone.Deploy.0 = Release|Any CPU
		{C102A5ED-68DA-4BC1-985F-81E18F44A4B2}.Release|iPhoneSimulator.ActiveCfg = Release|Any CPU
		{C102A5ED-68DA-4BC1-985F-81E18F44A4B2}.Release|iPhoneSimulator.Build.0 = Release|Any CPU
		{C102A5ED-68DA-4BC1-985F-81E18F44A4B2}.Release|iPhoneSimulator.Deploy.0 = Release|Any CPU
		{C102A5ED-68DA-4BC1-985F-81E18F44A4B2}.Release|x64.ActiveCfg = Release|Any CPU
		{C102A5ED-68DA-4BC1-985F-81E18F44A4B2}.Release|x64.Build.0 = Release|Any CPU
		{C102A5ED-68DA-4BC1-985F-81E18F44A4B2}.Release|x64.Deploy.0 = Release|Any CPU
		{C102A5ED-68DA-4BC1-985F-81E18F44A4B2}.Release|x86.ActiveCfg = Release|Any CPU
		{C102A5ED-68DA-4BC1-985F-81E18F44A4B2}.Release|x86.Build.0 = Release|Any CPU
		{C102A5ED-68DA-4BC1-985F-81E18F44A4B2}.Release|x86.Deploy.0 = Release|Any CPU
		{8D5970BF-6BFF-42FC-BA80-B5DA6E118BE9}.Ad-Hoc|Any CPU.ActiveCfg = Ad-Hoc|iPhone
		{8D5970BF-6BFF-42FC-BA80-B5DA6E118BE9}.Ad-Hoc|Any CPU.Build.0 = Ad-Hoc|iPhone
		{8D5970BF-6BFF-42FC-BA80-B5DA6E118BE9}.Ad-Hoc|Any CPU.Deploy.0 = Ad-Hoc|iPhone
		{8D5970BF-6BFF-42FC-BA80-B5DA6E118BE9}.Ad-Hoc|ARM.ActiveCfg = Ad-Hoc|iPhone
		{8D5970BF-6BFF-42FC-BA80-B5DA6E118BE9}.Ad-Hoc|ARM.Build.0 = Ad-Hoc|iPhone
		{8D5970BF-6BFF-42FC-BA80-B5DA6E118BE9}.Ad-Hoc|ARM.Deploy.0 = Ad-Hoc|iPhone
		{8D5970BF-6BFF-42FC-BA80-B5DA6E118BE9}.Ad-Hoc|iPhone.ActiveCfg = Ad-Hoc|iPhone
		{8D5970BF-6BFF-42FC-BA80-B5DA6E118BE9}.Ad-Hoc|iPhone.Build.0 = Ad-Hoc|iPhone
		{8D5970BF-6BFF-42FC-BA80-B5DA6E118BE9}.Ad-Hoc|iPhone.Deploy.0 = Ad-Hoc|iPhone
		{8D5970BF-6BFF-42FC-BA80-B5DA6E118BE9}.Ad-Hoc|iPhoneSimulator.ActiveCfg = Ad-Hoc|iPhoneSimulator
		{8D5970BF-6BFF-42FC-BA80-B5DA6E118BE9}.Ad-Hoc|iPhoneSimulator.Build.0 = Ad-Hoc|iPhoneSimulator
		{8D5970BF-6BFF-42FC-BA80-B5DA6E118BE9}.Ad-Hoc|iPhoneSimulator.Deploy.0 = Ad-Hoc|iPhoneSimulator
		{8D5970BF-6BFF-42FC-BA80-B5DA6E118BE9}.Ad-Hoc|x64.ActiveCfg = Ad-Hoc|iPhone
		{8D5970BF-6BFF-42FC-BA80-B5DA6E118BE9}.Ad-Hoc|x64.Build.0 = Ad-Hoc|iPhone
		{8D5970BF-6BFF-42FC-BA80-B5DA6E118BE9}.Ad-Hoc|x64.Deploy.0 = Ad-Hoc|iPhone
		{8D5970BF-6BFF-42FC-BA80-B5DA6E118BE9}.Ad-Hoc|x86.ActiveCfg = Ad-Hoc|iPhone
		{8D5970BF-6BFF-42FC-BA80-B5DA6E118BE9}.Ad-Hoc|x86.Build.0 = Ad-Hoc|iPhone
		{8D5970BF-6BFF-42FC-BA80-B5DA6E118BE9}.Ad-Hoc|x86.Deploy.0 = Ad-Hoc|iPhone
		{8D5970BF-6BFF-42FC-BA80-B5DA6E118BE9}.AppStore|Any CPU.ActiveCfg = AppStore|iPhone
		{8D5970BF-6BFF-42FC-BA80-B5DA6E118BE9}.AppStore|Any CPU.Build.0 = AppStore|iPhone
		{8D5970BF-6BFF-42FC-BA80-B5DA6E118BE9}.AppStore|Any CPU.Deploy.0 = AppStore|iPhone
		{8D5970BF-6BFF-42FC-BA80-B5DA6E118BE9}.AppStore|ARM.ActiveCfg = AppStore|iPhone
		{8D5970BF-6BFF-42FC-BA80-B5DA6E118BE9}.AppStore|ARM.Build.0 = AppStore|iPhone
		{8D5970BF-6BFF-42FC-BA80-B5DA6E118BE9}.AppStore|ARM.Deploy.0 = AppStore|iPhone
		{8D5970BF-6BFF-42FC-BA80-B5DA6E118BE9}.AppStore|iPhone.ActiveCfg = AppStore|iPhone
		{8D5970BF-6BFF-42FC-BA80-B5DA6E118BE9}.AppStore|iPhone.Build.0 = AppStore|iPhone
		{8D5970BF-6BFF-42FC-BA80-B5DA6E118BE9}.AppStore|iPhone.Deploy.0 = AppStore|iPhone
		{8D5970BF-6BFF-42FC-BA80-B5DA6E118BE9}.AppStore|iPhoneSimulator.ActiveCfg = AppStore|iPhoneSimulator
		{8D5970BF-6BFF-42FC-BA80-B5DA6E118BE9}.AppStore|iPhoneSimulator.Build.0 = AppStore|iPhoneSimulator
		{8D5970BF-6BFF-42FC-BA80-B5DA6E118BE9}.AppStore|iPhoneSimulator.Deploy.0 = AppStore|iPhoneSimulator
		{8D5970BF-6BFF-42FC-BA80-B5DA6E118BE9}.AppStore|x64.ActiveCfg = AppStore|iPhone
		{8D5970BF-6BFF-42FC-BA80-B5DA6E118BE9}.AppStore|x64.Build.0 = AppStore|iPhone
		{8D5970BF-6BFF-42FC-BA80-B5DA6E118BE9}.AppStore|x64.Deploy.0 = AppStore|iPhone
		{8D5970BF-6BFF-42FC-BA80-B5DA6E118BE9}.AppStore|x86.ActiveCfg = AppStore|iPhone
		{8D5970BF-6BFF-42FC-BA80-B5DA6E118BE9}.AppStore|x86.Build.0 = AppStore|iPhone
		{8D5970BF-6BFF-42FC-BA80-B5DA6E118BE9}.AppStore|x86.Deploy.0 = AppStore|iPhone
		{8D5970BF-6BFF-42FC-BA80-B5DA6E118BE9}.Debug|Any CPU.ActiveCfg = Debug|iPhoneSimulator
		{8D5970BF-6BFF-42FC-BA80-B5DA6E118BE9}.Debug|Any CPU.Build.0 = Debug|iPhoneSimulator
		{8D5970BF-6BFF-42FC-BA80-B5DA6E118BE9}.Debug|Any CPU.Deploy.0 = Debug|iPhoneSimulator
		{8D5970BF-6BFF-42FC-BA80-B5DA6E118BE9}.Debug|ARM.ActiveCfg = Debug|iPhone
		{8D5970BF-6BFF-42FC-BA80-B5DA6E118BE9}.Debug|ARM.Build.0 = Debug|iPhone
		{8D5970BF-6BFF-42FC-BA80-B5DA6E118BE9}.Debug|ARM.Deploy.0 = Debug|iPhone
		{8D5970BF-6BFF-42FC-BA80-B5DA6E118BE9}.Debug|iPhone.ActiveCfg = Debug|iPhone
		{8D5970BF-6BFF-42FC-BA80-B5DA6E118BE9}.Debug|iPhone.Build.0 = Debug|iPhone
		{8D5970BF-6BFF-42FC-BA80-B5DA6E118BE9}.Debug|iPhone.Deploy.0 = Debug|iPhone
		{8D5970BF-6BFF-42FC-BA80-B5DA6E118BE9}.Debug|iPhoneSimulator.ActiveCfg = Debug|iPhoneSimulator
		{8D5970BF-6BFF-42FC-BA80-B5DA6E118BE9}.Debug|iPhoneSimulator.Build.0 = Debug|iPhoneSimulator
		{8D5970BF-6BFF-42FC-BA80-B5DA6E118BE9}.Debug|iPhoneSimulator.Deploy.0 = Debug|iPhoneSimulator
		{8D5970BF-6BFF-42FC-BA80-B5DA6E118BE9}.Debug|x64.ActiveCfg = Debug|iPhone
		{8D5970BF-6BFF-42FC-BA80-B5DA6E118BE9}.Debug|x64.Build.0 = Debug|iPhone
		{8D5970BF-6BFF-42FC-BA80-B5DA6E118BE9}.Debug|x64.Deploy.0 = Debug|iPhone
		{8D5970BF-6BFF-42FC-BA80-B5DA6E118BE9}.Debug|x86.ActiveCfg = Debug|iPhone
		{8D5970BF-6BFF-42FC-BA80-B5DA6E118BE9}.Debug|x86.Build.0 = Debug|iPhone
		{8D5970BF-6BFF-42FC-BA80-B5DA6E118BE9}.Debug|x86.Deploy.0 = Debug|iPhone
		{8D5970BF-6BFF-42FC-BA80-B5DA6E118BE9}.Release|Any CPU.ActiveCfg = Release|iPhone
		{8D5970BF-6BFF-42FC-BA80-B5DA6E118BE9}.Release|Any CPU.Build.0 = Release|iPhone
		{8D5970BF-6BFF-42FC-BA80-B5DA6E118BE9}.Release|Any CPU.Deploy.0 = Release|iPhone
		{8D5970BF-6BFF-42FC-BA80-B5DA6E118BE9}.Release|ARM.ActiveCfg = Release|iPhone
		{8D5970BF-6BFF-42FC-BA80-B5DA6E118BE9}.Release|ARM.Build.0 = Release|iPhone
		{8D5970BF-6BFF-42FC-BA80-B5DA6E118BE9}.Release|ARM.Deploy.0 = Release|iPhone
		{8D5970BF-6BFF-42FC-BA80-B5DA6E118BE9}.Release|iPhone.ActiveCfg = Release|iPhone
		{8D5970BF-6BFF-42FC-BA80-B5DA6E118BE9}.Release|iPhone.Build.0 = Release|iPhone
		{8D5970BF-6BFF-42FC-BA80-B5DA6E118BE9}.Release|iPhone.Deploy.0 = Release|iPhone
		{8D5970BF-6BFF-42FC-BA80-B5DA6E118BE9}.Release|iPhoneSimulator.ActiveCfg = Release|iPhoneSimulator
		{8D5970BF-6BFF-42FC-BA80-B5DA6E118BE9}.Release|iPhoneSimulator.Build.0 = Release|iPhoneSimulator
		{8D5970BF-6BFF-42FC-BA80-B5DA6E118BE9}.Release|iPhoneSimulator.Deploy.0 = Release|iPhoneSimulator
		{8D5970BF-6BFF-42FC-BA80-B5DA6E118BE9}.Release|x64.ActiveCfg = Release|iPhone
		{8D5970BF-6BFF-42FC-BA80-B5DA6E118BE9}.Release|x64.Build.0 = Release|iPhone
		{8D5970BF-6BFF-42FC-BA80-B5DA6E118BE9}.Release|x64.Deploy.0 = Release|iPhone
		{8D5970BF-6BFF-42FC-BA80-B5DA6E118BE9}.Release|x86.ActiveCfg = Release|iPhone
		{8D5970BF-6BFF-42FC-BA80-B5DA6E118BE9}.Release|x86.Build.0 = Release|iPhone
		{8D5970BF-6BFF-42FC-BA80-B5DA6E118BE9}.Release|x86.Deploy.0 = Release|iPhone
		{361B0CE9-9985-4C7E-93C3-E78B32EACC9E}.Ad-Hoc|Any CPU.ActiveCfg = Release|x86
		{361B0CE9-9985-4C7E-93C3-E78B32EACC9E}.Ad-Hoc|Any CPU.Build.0 = Release|x86
		{361B0CE9-9985-4C7E-93C3-E78B32EACC9E}.Ad-Hoc|Any CPU.Deploy.0 = Release|x86
		{361B0CE9-9985-4C7E-93C3-E78B32EACC9E}.Ad-Hoc|ARM.ActiveCfg = Release|ARM
		{361B0CE9-9985-4C7E-93C3-E78B32EACC9E}.Ad-Hoc|ARM.Build.0 = Release|ARM
		{361B0CE9-9985-4C7E-93C3-E78B32EACC9E}.Ad-Hoc|ARM.Deploy.0 = Release|ARM
		{361B0CE9-9985-4C7E-93C3-E78B32EACC9E}.Ad-Hoc|iPhone.ActiveCfg = Release|x86
		{361B0CE9-9985-4C7E-93C3-E78B32EACC9E}.Ad-Hoc|iPhone.Build.0 = Release|x86
		{361B0CE9-9985-4C7E-93C3-E78B32EACC9E}.Ad-Hoc|iPhone.Deploy.0 = Release|x86
		{361B0CE9-9985-4C7E-93C3-E78B32EACC9E}.Ad-Hoc|iPhoneSimulator.ActiveCfg = Release|x86
		{361B0CE9-9985-4C7E-93C3-E78B32EACC9E}.Ad-Hoc|iPhoneSimulator.Build.0 = Release|x86
		{361B0CE9-9985-4C7E-93C3-E78B32EACC9E}.Ad-Hoc|iPhoneSimulator.Deploy.0 = Release|x86
		{361B0CE9-9985-4C7E-93C3-E78B32EACC9E}.Ad-Hoc|x64.ActiveCfg = Release|x64
		{361B0CE9-9985-4C7E-93C3-E78B32EACC9E}.Ad-Hoc|x64.Build.0 = Release|x64
		{361B0CE9-9985-4C7E-93C3-E78B32EACC9E}.Ad-Hoc|x64.Deploy.0 = Release|x64
		{361B0CE9-9985-4C7E-93C3-E78B32EACC9E}.Ad-Hoc|x86.ActiveCfg = Release|x86
		{361B0CE9-9985-4C7E-93C3-E78B32EACC9E}.Ad-Hoc|x86.Build.0 = Release|x86
		{361B0CE9-9985-4C7E-93C3-E78B32EACC9E}.Ad-Hoc|x86.Deploy.0 = Release|x86
		{361B0CE9-9985-4C7E-93C3-E78B32EACC9E}.AppStore|Any CPU.ActiveCfg = Release|x86
		{361B0CE9-9985-4C7E-93C3-E78B32EACC9E}.AppStore|Any CPU.Build.0 = Release|x86
		{361B0CE9-9985-4C7E-93C3-E78B32EACC9E}.AppStore|Any CPU.Deploy.0 = Release|x86
		{361B0CE9-9985-4C7E-93C3-E78B32EACC9E}.AppStore|ARM.ActiveCfg = Release|ARM
		{361B0CE9-9985-4C7E-93C3-E78B32EACC9E}.AppStore|ARM.Build.0 = Release|ARM
		{361B0CE9-9985-4C7E-93C3-E78B32EACC9E}.AppStore|ARM.Deploy.0 = Release|ARM
		{361B0CE9-9985-4C7E-93C3-E78B32EACC9E}.AppStore|iPhone.ActiveCfg = Release|x86
		{361B0CE9-9985-4C7E-93C3-E78B32EACC9E}.AppStore|iPhone.Build.0 = Release|x86
		{361B0CE9-9985-4C7E-93C3-E78B32EACC9E}.AppStore|iPhone.Deploy.0 = Release|x86
		{361B0CE9-9985-4C7E-93C3-E78B32EACC9E}.AppStore|iPhoneSimulator.ActiveCfg = Release|x86
		{361B0CE9-9985-4C7E-93C3-E78B32EACC9E}.AppStore|iPhoneSimulator.Build.0 = Release|x86
		{361B0CE9-9985-4C7E-93C3-E78B32EACC9E}.AppStore|iPhoneSimulator.Deploy.0 = Release|x86
		{361B0CE9-9985-4C7E-93C3-E78B32EACC9E}.AppStore|x64.ActiveCfg = Release|x64
		{361B0CE9-9985-4C7E-93C3-E78B32EACC9E}.AppStore|x64.Build.0 = Release|x64
		{361B0CE9-9985-4C7E-93C3-E78B32EACC9E}.AppStore|x64.Deploy.0 = Release|x64
		{361B0CE9-9985-4C7E-93C3-E78B32EACC9E}.AppStore|x86.ActiveCfg = Release|x86
		{361B0CE9-9985-4C7E-93C3-E78B32EACC9E}.AppStore|x86.Build.0 = Release|x86
		{361B0CE9-9985-4C7E-93C3-E78B32EACC9E}.AppStore|x86.Deploy.0 = Release|x86
		{361B0CE9-9985-4C7E-93C3-E78B32EACC9E}.Debug|Any CPU.ActiveCfg = Debug|x86
		{361B0CE9-9985-4C7E-93C3-E78B32EACC9E}.Debug|Any CPU.Build.0 = Debug|x86
		{361B0CE9-9985-4C7E-93C3-E78B32EACC9E}.Debug|Any CPU.Deploy.0 = Debug|x86
		{361B0CE9-9985-4C7E-93C3-E78B32EACC9E}.Debug|ARM.ActiveCfg = Debug|ARM
		{361B0CE9-9985-4C7E-93C3-E78B32EACC9E}.Debug|ARM.Build.0 = Debug|ARM
		{361B0CE9-9985-4C7E-93C3-E78B32EACC9E}.Debug|ARM.Deploy.0 = Debug|ARM
		{361B0CE9-9985-4C7E-93C3-E78B32EACC9E}.Debug|iPhone.ActiveCfg = Debug|x86
		{361B0CE9-9985-4C7E-93C3-E78B32EACC9E}.Debug|iPhone.Build.0 = Debug|x86
		{361B0CE9-9985-4C7E-93C3-E78B32EACC9E}.Debug|iPhone.Deploy.0 = Debug|x86
		{361B0CE9-9985-4C7E-93C3-E78B32EACC9E}.Debug|iPhoneSimulator.ActiveCfg = Debug|x86
		{361B0CE9-9985-4C7E-93C3-E78B32EACC9E}.Debug|iPhoneSimulator.Build.0 = Debug|x86
		{361B0CE9-9985-4C7E-93C3-E78B32EACC9E}.Debug|iPhoneSimulator.Deploy.0 = Debug|x86
		{361B0CE9-9985-4C7E-93C3-E78B32EACC9E}.Debug|x64.ActiveCfg = Debug|x64
		{361B0CE9-9985-4C7E-93C3-E78B32EACC9E}.Debug|x64.Build.0 = Debug|x64
		{361B0CE9-9985-4C7E-93C3-E78B32EACC9E}.Debug|x64.Deploy.0 = Debug|x64
		{361B0CE9-9985-4C7E-93C3-E78B32EACC9E}.Debug|x86.ActiveCfg = Debug|x86
		{361B0CE9-9985-4C7E-93C3-E78B32EACC9E}.Debug|x86.Build.0 = Debug|x86
		{361B0CE9-9985-4C7E-93C3-E78B32EACC9E}.Debug|x86.Deploy.0 = Debug|x86
		{361B0CE9-9985-4C7E-93C3-E78B32EACC9E}.Release|Any CPU.ActiveCfg = Release|x86
		{361B0CE9-9985-4C7E-93C3-E78B32EACC9E}.Release|Any CPU.Build.0 = Release|x86
		{361B0CE9-9985-4C7E-93C3-E78B32EACC9E}.Release|Any CPU.Deploy.0 = Release|x86
		{361B0CE9-9985-4C7E-93C3-E78B32EACC9E}.Release|ARM.ActiveCfg = Release|ARM
		{361B0CE9-9985-4C7E-93C3-E78B32EACC9E}.Release|ARM.Build.0 = Release|ARM
		{361B0CE9-9985-4C7E-93C3-E78B32EACC9E}.Release|ARM.Deploy.0 = Release|ARM
		{361B0CE9-9985-4C7E-93C3-E78B32EACC9E}.Release|iPhone.ActiveCfg = Release|x86
		{361B0CE9-9985-4C7E-93C3-E78B32EACC9E}.Release|iPhone.Build.0 = Release|x86
		{361B0CE9-9985-4C7E-93C3-E78B32EACC9E}.Release|iPhone.Deploy.0 = Release|x86
		{361B0CE9-9985-4C7E-93C3-E78B32EACC9E}.Release|iPhoneSimulator.ActiveCfg = Release|x86
		{361B0CE9-9985-4C7E-93C3-E78B32EACC9E}.Release|iPhoneSimulator.Build.0 = Release|x86
		{361B0CE9-9985-4C7E-93C3-E78B32EACC9E}.Release|iPhoneSimulator.Deploy.0 = Release|x86
		{361B0CE9-9985-4C7E-93C3-E78B32EACC9E}.Release|x64.ActiveCfg = Release|x64
		{361B0CE9-9985-4C7E-93C3-E78B32EACC9E}.Release|x64.Build.0 = Release|x64
		{361B0CE9-9985-4C7E-93C3-E78B32EACC9E}.Release|x64.Deploy.0 = Release|x64
		{361B0CE9-9985-4C7E-93C3-E78B32EACC9E}.Release|x86.ActiveCfg = Release|x86
		{361B0CE9-9985-4C7E-93C3-E78B32EACC9E}.Release|x86.Build.0 = Release|x86
		{361B0CE9-9985-4C7E-93C3-E78B32EACC9E}.Release|x86.Deploy.0 = Release|x86
		{3CD61EEB-33D7-4012-B2D2-C8CB6D72D492}.Ad-Hoc|Any CPU.ActiveCfg = Debug|Any CPU
		{3CD61EEB-33D7-4012-B2D2-C8CB6D72D492}.Ad-Hoc|Any CPU.Build.0 = Debug|Any CPU
		{3CD61EEB-33D7-4012-B2D2-C8CB6D72D492}.Ad-Hoc|Any CPU.Deploy.0 = Debug|Any CPU
		{3CD61EEB-33D7-4012-B2D2-C8CB6D72D492}.Ad-Hoc|ARM.ActiveCfg = Debug|Any CPU
		{3CD61EEB-33D7-4012-B2D2-C8CB6D72D492}.Ad-Hoc|ARM.Build.0 = Debug|Any CPU
		{3CD61EEB-33D7-4012-B2D2-C8CB6D72D492}.Ad-Hoc|ARM.Deploy.0 = Debug|Any CPU
		{3CD61EEB-33D7-4012-B2D2-C8CB6D72D492}.Ad-Hoc|iPhone.ActiveCfg = Debug|Any CPU
		{3CD61EEB-33D7-4012-B2D2-C8CB6D72D492}.Ad-Hoc|iPhone.Build.0 = Debug|Any CPU
		{3CD61EEB-33D7-4012-B2D2-C8CB6D72D492}.Ad-Hoc|iPhone.Deploy.0 = Debug|Any CPU
		{3CD61EEB-33D7-4012-B2D2-C8CB6D72D492}.Ad-Hoc|iPhoneSimulator.ActiveCfg = Debug|Any CPU
		{3CD61EEB-33D7-4012-B2D2-C8CB6D72D492}.Ad-Hoc|iPhoneSimulator.Build.0 = Debug|Any CPU
		{3CD61EEB-33D7-4012-B2D2-C8CB6D72D492}.Ad-Hoc|iPhoneSimulator.Deploy.0 = Debug|Any CPU
		{3CD61EEB-33D7-4012-B2D2-C8CB6D72D492}.Ad-Hoc|x64.ActiveCfg = Debug|Any CPU
		{3CD61EEB-33D7-4012-B2D2-C8CB6D72D492}.Ad-Hoc|x64.Build.0 = Debug|Any CPU
		{3CD61EEB-33D7-4012-B2D2-C8CB6D72D492}.Ad-Hoc|x64.Deploy.0 = Debug|Any CPU
		{3CD61EEB-33D7-4012-B2D2-C8CB6D72D492}.Ad-Hoc|x86.ActiveCfg = Debug|Any CPU
		{3CD61EEB-33D7-4012-B2D2-C8CB6D72D492}.Ad-Hoc|x86.Build.0 = Debug|Any CPU
		{3CD61EEB-33D7-4012-B2D2-C8CB6D72D492}.Ad-Hoc|x86.Deploy.0 = Debug|Any CPU
		{3CD61EEB-33D7-4012-B2D2-C8CB6D72D492}.AppStore|Any CPU.ActiveCfg = Debug|Any CPU
		{3CD61EEB-33D7-4012-B2D2-C8CB6D72D492}.AppStore|Any CPU.Build.0 = Debug|Any CPU
		{3CD61EEB-33D7-4012-B2D2-C8CB6D72D492}.AppStore|Any CPU.Deploy.0 = Debug|Any CPU
		{3CD61EEB-33D7-4012-B2D2-C8CB6D72D492}.AppStore|ARM.ActiveCfg = Debug|Any CPU
		{3CD61EEB-33D7-4012-B2D2-C8CB6D72D492}.AppStore|ARM.Build.0 = Debug|Any CPU
		{3CD61EEB-33D7-4012-B2D2-C8CB6D72D492}.AppStore|ARM.Deploy.0 = Debug|Any CPU
		{3CD61EEB-33D7-4012-B2D2-C8CB6D72D492}.AppStore|iPhone.ActiveCfg = Debug|Any CPU
		{3CD61EEB-33D7-4012-B2D2-C8CB6D72D492}.AppStore|iPhone.Build.0 = Debug|Any CPU
		{3CD61EEB-33D7-4012-B2D2-C8CB6D72D492}.AppStore|iPhone.Deploy.0 = Debug|Any CPU
		{3CD61EEB-33D7-4012-B2D2-C8CB6D72D492}.AppStore|iPhoneSimulator.ActiveCfg = Debug|Any CPU
		{3CD61EEB-33D7-4012-B2D2-C8CB6D72D492}.AppStore|iPhoneSimulator.Build.0 = Debug|Any CPU
		{3CD61EEB-33D7-4012-B2D2-C8CB6D72D492}.AppStore|iPhoneSimulator.Deploy.0 = Debug|Any CPU
		{3CD61EEB-33D7-4012-B2D2-C8CB6D72D492}.AppStore|x64.ActiveCfg = Debug|Any CPU
		{3CD61EEB-33D7-4012-B2D2-C8CB6D72D492}.AppStore|x64.Build.0 = Debug|Any CPU
		{3CD61EEB-33D7-4012-B2D2-C8CB6D72D492}.AppStore|x64.Deploy.0 = Debug|Any CPU
		{3CD61EEB-33D7-4012-B2D2-C8CB6D72D492}.AppStore|x86.ActiveCfg = Debug|Any CPU
		{3CD61EEB-33D7-4012-B2D2-C8CB6D72D492}.AppStore|x86.Build.0 = Debug|Any CPU
		{3CD61EEB-33D7-4012-B2D2-C8CB6D72D492}.AppStore|x86.Deploy.0 = Debug|Any CPU
		{3CD61EEB-33D7-4012-B2D2-C8CB6D72D492}.Debug|Any CPU.ActiveCfg = Debug|Any CPU
		{3CD61EEB-33D7-4012-B2D2-C8CB6D72D492}.Debug|Any CPU.Build.0 = Debug|Any CPU
		{3CD61EEB-33D7-4012-B2D2-C8CB6D72D492}.Debug|Any CPU.Deploy.0 = Debug|Any CPU
		{3CD61EEB-33D7-4012-B2D2-C8CB6D72D492}.Debug|ARM.ActiveCfg = Debug|Any CPU
		{3CD61EEB-33D7-4012-B2D2-C8CB6D72D492}.Debug|ARM.Build.0 = Debug|Any CPU
		{3CD61EEB-33D7-4012-B2D2-C8CB6D72D492}.Debug|ARM.Deploy.0 = Debug|Any CPU
		{3CD61EEB-33D7-4012-B2D2-C8CB6D72D492}.Debug|iPhone.ActiveCfg = Debug|Any CPU
		{3CD61EEB-33D7-4012-B2D2-C8CB6D72D492}.Debug|iPhone.Build.0 = Debug|Any CPU
		{3CD61EEB-33D7-4012-B2D2-C8CB6D72D492}.Debug|iPhone.Deploy.0 = Debug|Any CPU
		{3CD61EEB-33D7-4012-B2D2-C8CB6D72D492}.Debug|iPhoneSimulator.ActiveCfg = Debug|Any CPU
		{3CD61EEB-33D7-4012-B2D2-C8CB6D72D492}.Debug|iPhoneSimulator.Build.0 = Debug|Any CPU
		{3CD61EEB-33D7-4012-B2D2-C8CB6D72D492}.Debug|iPhoneSimulator.Deploy.0 = Debug|Any CPU
		{3CD61EEB-33D7-4012-B2D2-C8CB6D72D492}.Debug|x64.ActiveCfg = Debug|Any CPU
		{3CD61EEB-33D7-4012-B2D2-C8CB6D72D492}.Debug|x64.Build.0 = Debug|Any CPU
		{3CD61EEB-33D7-4012-B2D2-C8CB6D72D492}.Debug|x64.Deploy.0 = Debug|Any CPU
		{3CD61EEB-33D7-4012-B2D2-C8CB6D72D492}.Debug|x86.ActiveCfg = Debug|Any CPU
		{3CD61EEB-33D7-4012-B2D2-C8CB6D72D492}.Debug|x86.Build.0 = Debug|Any CPU
		{3CD61EEB-33D7-4012-B2D2-C8CB6D72D492}.Debug|x86.Deploy.0 = Debug|Any CPU
		{3CD61EEB-33D7-4012-B2D2-C8CB6D72D492}.Release|Any CPU.ActiveCfg = Release|Any CPU
		{3CD61EEB-33D7-4012-B2D2-C8CB6D72D492}.Release|Any CPU.Build.0 = Release|Any CPU
		{3CD61EEB-33D7-4012-B2D2-C8CB6D72D492}.Release|Any CPU.Deploy.0 = Release|Any CPU
		{3CD61EEB-33D7-4012-B2D2-C8CB6D72D492}.Release|ARM.ActiveCfg = Release|Any CPU
		{3CD61EEB-33D7-4012-B2D2-C8CB6D72D492}.Release|ARM.Build.0 = Release|Any CPU
		{3CD61EEB-33D7-4012-B2D2-C8CB6D72D492}.Release|ARM.Deploy.0 = Release|Any CPU
		{3CD61EEB-33D7-4012-B2D2-C8CB6D72D492}.Release|iPhone.ActiveCfg = Release|Any CPU
		{3CD61EEB-33D7-4012-B2D2-C8CB6D72D492}.Release|iPhone.Build.0 = Release|Any CPU
		{3CD61EEB-33D7-4012-B2D2-C8CB6D72D492}.Release|iPhone.Deploy.0 = Release|Any CPU
		{3CD61EEB-33D7-4012-B2D2-C8CB6D72D492}.Release|iPhoneSimulator.ActiveCfg = Release|Any CPU
		{3CD61EEB-33D7-4012-B2D2-C8CB6D72D492}.Release|iPhoneSimulator.Build.0 = Release|Any CPU
		{3CD61EEB-33D7-4012-B2D2-C8CB6D72D492}.Release|iPhoneSimulator.Deploy.0 = Release|Any CPU
		{3CD61EEB-33D7-4012-B2D2-C8CB6D72D492}.Release|x64.ActiveCfg = Release|Any CPU
		{3CD61EEB-33D7-4012-B2D2-C8CB6D72D492}.Release|x64.Build.0 = Release|Any CPU
		{3CD61EEB-33D7-4012-B2D2-C8CB6D72D492}.Release|x64.Deploy.0 = Release|Any CPU
		{3CD61EEB-33D7-4012-B2D2-C8CB6D72D492}.Release|x86.ActiveCfg = Release|Any CPU
		{3CD61EEB-33D7-4012-B2D2-C8CB6D72D492}.Release|x86.Build.0 = Release|Any CPU
		{3CD61EEB-33D7-4012-B2D2-C8CB6D72D492}.Release|x86.Deploy.0 = Release|Any CPU
	EndGlobalSection
	GlobalSection(SolutionProperties) = preSolution
		HideSolutionNode = FALSE
	EndGlobalSection
	GlobalSection(ExtensibilityGlobals) = postSolution
		SolutionGuid = {70FB9D15-66B5-4B8F-A341-1D6AD76C6F97}
	EndGlobalSection
EndGlobal
